
Microsoft Visual Studio Solution File, Format Version 12.00
# Visual Studio Version 16
VisualStudioVersion = 16.0.30503.244
MinimumVisualStudioVersion = 10.0.40219.1
Project("{FAE04EC0-301F-11D3-BF4B-00C04F79EFBC}") = "ReplaceTextX", "ReplaceTextX\ReplaceTextX.csproj", "{BDD7BCBA-7D1C-418D-A02B-001363B0D853}"
EndProject
Global
	GlobalSection(SolutionConfigurationPlatforms) = preSolution
		Debug|Any CPU = Debug|Any CPU
		Release|Any CPU = Release|Any CPU
	EndGlobalSection
	GlobalSection(ProjectConfigurationPlatforms) = postSolution
		{BDD7BCBA-7D1C-418D-A02B-001363B0D853}.Debug|Any CPU.ActiveCfg = Debug|Any CPU
		{BDD7BCBA-7D1C-418D-A02B-001363B0D853}.Debug|Any CPU.Build.0 = Debug|Any CPU
		{BDD7BCBA-7D1C-418D-A02B-001363B0D853}.Release|Any CPU.ActiveCfg = Release|Any CPU
		{BDD7BCBA-7D1C-418D-A02B-001363B0D853}.Release|Any CPU.Build.0 = Release|Any CPU
	EndGlobalSection
	GlobalSection(SolutionProperties) = preSolution
		HideSolutionNode = FALSE
	EndGlobalSection
	GlobalSection(ExtensibilityGlobals) = postSolution
		SolutionGuid = {0F2D8AEA-EC59-45D1-B6FE-689218962268}
	EndGlobalSection
EndGlobal
